
Microsoft Visual Studio Solution File, Format Version 12.00
# Visual Studio Version 17
VisualStudioVersion = 17.14.36414.22
MinimumVisualStudioVersion = 10.0.40219.1
Project("{FAE04EC0-301F-11D3-BF4B-00C04F79EFBC}") = "Library.DomainModel", "Library.Domain\Library.DomainModel.csproj", "{935AA47D-9979-4332-829F-A9B76DED91BF}"
EndProject
Project("{FAE04EC0-301F-11D3-BF4B-00C04F79EFBC}") = "Library.DataMapper", "Library.Data\Library.DataMapper.csproj", "{9E4DE81D-A545-41A9-B1E7-7400599E116C}"
EndProject
Project("{FAE04EC0-301F-11D3-BF4B-00C04F79EFBC}") = "Library.ServiceLayer", "Library.Services\Library.ServiceLayer.csproj", "{AE2E8AE8-528D-4DF2-84F9-72E67EC4E96A}"
EndProject
Project("{2150E333-8FDC-42A3-9474-1A3956D46DE8}") = "docs", "docs", "{02EA681E-C7D8-13C7-8484-4AC65E1B71E8}"
EndProject
Project("{2150E333-8FDC-42A3-9474-1A3956D46DE8}") = "sources", "sources", "{7F9A9AA0-8679-4A9B-827B-EE6635E14AB6}"
EndProject
Project("{2150E333-8FDC-42A3-9474-1A3956D46DE8}") = "DataLayer", "DataLayer", "{EAE11005-51E8-41C8-81F0-5336C7F9533E}"
EndProject
Project("{2150E333-8FDC-42A3-9474-1A3956D46DE8}") = "DomainLayer", "DomainLayer", "{59B6AD43-8672-40B1-BBFB-2BB5512FAF72}"
EndProject
Project("{2150E333-8FDC-42A3-9474-1A3956D46DE8}") = "ServiceLayer", "ServiceLayer", "{EA3489DF-4CC6-466B-8779-F9365AF55098}"
EndProject
Project("{2150E333-8FDC-42A3-9474-1A3956D46DE8}") = "DomainModel", "DomainModel", "{1581A787-C584-486E-88DD-824E9B08155C}"
EndProject
Project("{2150E333-8FDC-42A3-9474-1A3956D46DE8}") = "TestDomainModel", "TestDomainModel", "{1F6B6944-DE88-4B0C-ADEF-37DA5CD35FC3}"
EndProject
Project("{2150E333-8FDC-42A3-9474-1A3956D46DE8}") = "ServiceLayer", "ServiceLayer", "{A35D1D18-10E6-4692-8911-F41C198946C3}"
EndProject
Project("{2150E333-8FDC-42A3-9474-1A3956D46DE8}") = "TestServiceLayer", "TestServiceLayer", "{81FA97BC-6C13-4381-A93A-BB5E10DE1A98}"
EndProject
Project("{FAE04EC0-301F-11D3-BF4B-00C04F79EFBC}") = "Library.TestDomainModel", "Library.TestDomainModel\Library.TestDomainModel.csproj", "{6A758B6D-41DD-4BFD-81C1-8BA4D85CE39F}"
EndProject
Project("{FAE04EC0-301F-11D3-BF4B-00C04F79EFBC}") = "Library.TestServiceLayer", "Library.TestServiceLayer\Library.TestServiceLayer.csproj", "{21950C0A-AAC4-4760-AFBE-A5DDF1C06433}"
EndProject
Project("{2150E333-8FDC-42A3-9474-1A3956D46DE8}") = "Utilities", "Utilities", "{C5EDDF5A-6362-42F5-AA7E-2B1D74B68666}"
EndProject
Global
	GlobalSection(SolutionConfigurationPlatforms) = preSolution
		Debug|Any CPU = Debug|Any CPU
		Release|Any CPU = Release|Any CPU
	EndGlobalSection
	GlobalSection(ProjectConfigurationPlatforms) = postSolution
		{935AA47D-9979-4332-829F-A9B76DED91BF}.Debug|Any CPU.ActiveCfg = Debug|Any CPU
		{935AA47D-9979-4332-829F-A9B76DED91BF}.Debug|Any CPU.Build.0 = Debug|Any CPU
		{935AA47D-9979-4332-829F-A9B76DED91BF}.Release|Any CPU.ActiveCfg = Release|Any CPU
		{935AA47D-9979-4332-829F-A9B76DED91BF}.Release|Any CPU.Build.0 = Release|Any CPU
		{9E4DE81D-A545-41A9-B1E7-7400599E116C}.Debug|Any CPU.ActiveCfg = Debug|Any CPU
		{9E4DE81D-A545-41A9-B1E7-7400599E116C}.Debug|Any CPU.Build.0 = Debug|Any CPU
		{9E4DE81D-A545-41A9-B1E7-7400599E116C}.Release|Any CPU.ActiveCfg = Release|Any CPU
		{9E4DE81D-A545-41A9-B1E7-7400599E116C}.Release|Any CPU.Build.0 = Release|Any CPU
		{AE2E8AE8-528D-4DF2-84F9-72E67EC4E96A}.Debug|Any CPU.ActiveCfg = Debug|Any CPU
		{AE2E8AE8-528D-4DF2-84F9-72E67EC4E96A}.Debug|Any CPU.Build.0 = Debug|Any CPU
		{AE2E8AE8-528D-4DF2-84F9-72E67EC4E96A}.Release|Any CPU.ActiveCfg = Release|Any CPU
		{AE2E8AE8-528D-4DF2-84F9-72E67EC4E96A}.Release|Any CPU.Build.0 = Release|Any CPU
		{6A758B6D-41DD-4BFD-81C1-8BA4D85CE39F}.Debug|Any CPU.ActiveCfg = Debug|Any CPU
		{6A758B6D-41DD-4BFD-81C1-8BA4D85CE39F}.Debug|Any CPU.Build.0 = Debug|Any CPU
		{6A758B6D-41DD-4BFD-81C1-8BA4D85CE39F}.Release|Any CPU.ActiveCfg = Release|Any CPU
		{6A758B6D-41DD-4BFD-81C1-8BA4D85CE39F}.Release|Any CPU.Build.0 = Release|Any CPU
		{21950C0A-AAC4-4760-AFBE-A5DDF1C06433}.Debug|Any CPU.ActiveCfg = Debug|Any CPU
		{21950C0A-AAC4-4760-AFBE-A5DDF1C06433}.Debug|Any CPU.Build.0 = Debug|Any CPU
		{21950C0A-AAC4-4760-AFBE-A5DDF1C06433}.Release|Any CPU.ActiveCfg = Release|Any CPU
		{21950C0A-AAC4-4760-AFBE-A5DDF1C06433}.Release|Any CPU.Build.0 = Release|Any CPU
	EndGlobalSection
	GlobalSection(SolutionProperties) = preSolution
		HideSolutionNode = FALSE
	EndGlobalSection
	GlobalSection(NestedProjects) = preSolution
		{935AA47D-9979-4332-829F-A9B76DED91BF} = {1581A787-C584-486E-88DD-824E9B08155C}
		{9E4DE81D-A545-41A9-B1E7-7400599E116C} = {EAE11005-51E8-41C8-81F0-5336C7F9533E}
		{AE2E8AE8-528D-4DF2-84F9-72E67EC4E96A} = {A35D1D18-10E6-4692-8911-F41C198946C3}
		{EAE11005-51E8-41C8-81F0-5336C7F9533E} = {7F9A9AA0-8679-4A9B-827B-EE6635E14AB6}
		{59B6AD43-8672-40B1-BBFB-2BB5512FAF72} = {7F9A9AA0-8679-4A9B-827B-EE6635E14AB6}
		{EA3489DF-4CC6-466B-8779-F9365AF55098} = {7F9A9AA0-8679-4A9B-827B-EE6635E14AB6}
		{1581A787-C584-486E-88DD-824E9B08155C} = {59B6AD43-8672-40B1-BBFB-2BB5512FAF72}
		{1F6B6944-DE88-4B0C-ADEF-37DA5CD35FC3} = {59B6AD43-8672-40B1-BBFB-2BB5512FAF72}
		{A35D1D18-10E6-4692-8911-F41C198946C3} = {EA3489DF-4CC6-466B-8779-F9365AF55098}
		{81FA97BC-6C13-4381-A93A-BB5E10DE1A98} = {EA3489DF-4CC6-466B-8779-F9365AF55098}
		{6A758B6D-41DD-4BFD-81C1-8BA4D85CE39F} = {1F6B6944-DE88-4B0C-ADEF-37DA5CD35FC3}
		{21950C0A-AAC4-4760-AFBE-A5DDF1C06433} = {81FA97BC-6C13-4381-A93A-BB5E10DE1A98}
		{C5EDDF5A-6362-42F5-AA7E-2B1D74B68666} = {7F9A9AA0-8679-4A9B-827B-EE6635E14AB6}
	EndGlobalSection
	GlobalSection(ExtensibilityGlobals) = postSolution
		SolutionGuid = {93EE9988-644F-4B2C-916A-808660FF9E8C}
	EndGlobalSection
EndGlobal
